// !$*UTF8*$!
{
	archiveVersion = 1;
	classes = {
	};
	objectVersion = 50;
	objects = {

/* Begin PBXBuildFile section */
		C95ED23B20C44ED0006E2CCD /* AppDelegate.swift in Sources */ = {isa = PBXBuildFile; fileRef = C95ED23A20C44ED0006E2CCD /* AppDelegate.swift */; };
		C95ED23D20C44ED0006E2CCD /* ViewController.swift in Sources */ = {isa = PBXBuildFile; fileRef = C95ED23C20C44ED0006E2CCD /* ViewController.swift */; };
		C95ED24020C44ED0006E2CCD /* Main.storyboard in Resources */ = {isa = PBXBuildFile; fileRef = C95ED23E20C44ED0006E2CCD /* Main.storyboard */; };
		C95ED24220C44ED3006E2CCD /* Assets.xcassets in Resources */ = {isa = PBXBuildFile; fileRef = C95ED24120C44ED3006E2CCD /* Assets.xcassets */; };
		C95ED24520C44ED3006E2CCD /* LaunchScreen.storyboard in Resources */ = {isa = PBXBuildFile; fileRef = C95ED24320C44ED3006E2CCD /* LaunchScreen.storyboard */; };
		C95ED25020C44ED3006E2CCD /* PokedexTests.swift in Sources */ = {isa = PBXBuildFile; fileRef = C95ED24F20C44ED3006E2CCD /* PokedexTests.swift */; };
		C95ED25B20C44ED3006E2CCD /* PokedexUITests.swift in Sources */ = {isa = PBXBuildFile; fileRef = C95ED25A20C44ED3006E2CCD /* PokedexUITests.swift */; };
/* End PBXBuildFile section */

/* Begin PBXContainerItemProxy section */
		C95ED24C20C44ED3006E2CCD /* PBXContainerItemProxy */ = {
			isa = PBXContainerItemProxy;
			containerPortal = C95ED22F20C44ED0006E2CCD /* Project object */;
			proxyType = 1;
			remoteGlobalIDString = C95ED23620C44ED0006E2CCD;
			remoteInfo = Pokedex;
		};
		C95ED25720C44ED3006E2CCD /* PBXContainerItemProxy */ = {
			isa = PBXContainerItemProxy;
			containerPortal = C95ED22F20C44ED0006E2CCD /* Project object */;
			proxyType = 1;
			remoteGlobalIDString = C95ED23620C44ED0006E2CCD;
			remoteInfo = Pokedex;
		};
/* End PBXContainerItemProxy section */

/* Begin PBXFileReference section */
		C95ED23720C44ED0006E2CCD /* Pokedex.app */ = {isa = PBXFileReference; explicitFileType = wrapper.application; includeInIndex = 0; path = Pokedex.app; sourceTree = BUILT_PRODUCTS_DIR; };
		C95ED23A20C44ED0006E2CCD /* AppDelegate.swift */ = {isa = PBXFileReference; lastKnownFileType = sourcecode.swift; path = AppDelegate.swift; sourceTree = "<group>"; };
		C95ED23C20C44ED0006E2CCD /* ViewController.swift */ = {isa = PBXFileReference; lastKnownFileType = sourcecode.swift; path = ViewController.swift; sourceTree = "<group>"; };
		C95ED23F20C44ED0006E2CCD /* Base */ = {isa = PBXFileReference; lastKnownFileType = file.storyboard; name = Base; path = Base.lproj/Main.storyboard; sourceTree = "<group>"; };
		C95ED24120C44ED3006E2CCD /* Assets.xcassets */ = {isa = PBXFileReference; lastKnownFileType = folder.assetcatalog; path = Assets.xcassets; sourceTree = "<group>"; };
		C95ED24420C44ED3006E2CCD /* Base */ = {isa = PBXFileReference; lastKnownFileType = file.storyboard; name = Base; path = Base.lproj/LaunchScreen.storyboard; sourceTree = "<group>"; };
		C95ED24620C44ED3006E2CCD /* Info.plist */ = {isa = PBXFileReference; lastKnownFileType = text.plist.xml; path = Info.plist; sourceTree = "<group>"; };
		C95ED24B20C44ED3006E2CCD /* PokedexTests.xctest */ = {isa = PBXFileReference; explicitFileType = wrapper.cfbundle; includeInIndex = 0; path = PokedexTests.xctest; sourceTree = BUILT_PRODUCTS_DIR; };
		C95ED24F20C44ED3006E2CCD /* PokedexTests.swift */ = {isa = PBXFileReference; lastKnownFileType = sourcecode.swift; path = PokedexTests.swift; sourceTree = "<group>"; };
		C95ED25120C44ED3006E2CCD /* Info.plist */ = {isa = PBXFileReference; lastKnownFileType = text.plist.xml; path = Info.plist; sourceTree = "<group>"; };
		C95ED25620C44ED3006E2CCD /* PokedexUITests.xctest */ = {isa = PBXFileReference; explicitFileType = wrapper.cfbundle; includeInIndex = 0; path = PokedexUITests.xctest; sourceTree = BUILT_PRODUCTS_DIR; };
		C95ED25A20C44ED3006E2CCD /* PokedexUITests.swift */ = {isa = PBXFileReference; lastKnownFileType = sourcecode.swift; path = PokedexUITests.swift; sourceTree = "<group>"; };
		C95ED25C20C44ED3006E2CCD /* Info.plist */ = {isa = PBXFileReference; lastKnownFileType = text.plist.xml; path = Info.plist; sourceTree = "<group>"; };
/* End PBXFileReference section */

/* Begin PBXFrameworksBuildPhase section */
		C95ED23420C44ED0006E2CCD /* Frameworks */ = {
			isa = PBXFrameworksBuildPhase;
			buildActionMask = 2147483647;
			files = (
			);
			runOnlyForDeploymentPostprocessing = 0;
		};
		C95ED24820C44ED3006E2CCD /* Frameworks */ = {
			isa = PBXFrameworksBuildPhase;
			buildActionMask = 2147483647;
			files = (
			);
			runOnlyForDeploymentPostprocessing = 0;
		};
		C95ED25320C44ED3006E2CCD /* Frameworks */ = {
			isa = PBXFrameworksBuildPhase;
			buildActionMask = 2147483647;
			files = (
			);
			runOnlyForDeploymentPostprocessing = 0;
		};
/* End PBXFrameworksBuildPhase section */

/* Begin PBXGroup section */
		C95ED22E20C44ED0006E2CCD = {
			isa = PBXGroup;
			children = (
				C95ED23920C44ED0006E2CCD /* Pokedex */,
				C95ED24E20C44ED3006E2CCD /* PokedexTests */,
				C95ED25920C44ED3006E2CCD /* PokedexUITests */,
				C95ED23820C44ED0006E2CCD /* Products */,
			);
			sourceTree = "<group>";
		};
		C95ED23820C44ED0006E2CCD /* Products */ = {
			isa = PBXGroup;
			children = (
				C95ED23720C44ED0006E2CCD /* Pokedex.app */,
				C95ED24B20C44ED3006E2CCD /* PokedexTests.xctest */,
				C95ED25620C44ED3006E2CCD /* PokedexUITests.xctest */,
			);
			name = Products;
			sourceTree = "<group>";
		};
		C95ED23920C44ED0006E2CCD /* Pokedex */ = {
			isa = PBXGroup;
			children = (
				C95ED23A20C44ED0006E2CCD /* AppDelegate.swift */,
				C95ED23C20C44ED0006E2CCD /* ViewController.swift */,
				C95ED23E20C44ED0006E2CCD /* Main.storyboard */,
				C95ED24120C44ED3006E2CCD /* Assets.xcassets */,
				C95ED24320C44ED3006E2CCD /* LaunchScreen.storyboard */,
				C95ED24620C44ED3006E2CCD /* Info.plist */,
			);
			path = Pokedex;
			sourceTree = "<group>";
		};
		C95ED24E20C44ED3006E2CCD /* PokedexTests */ = {
			isa = PBXGroup;
			children = (
				C95ED24F20C44ED3006E2CCD /* PokedexTests.swift */,
				C95ED25120C44ED3006E2CCD /* Info.plist */,
			);
			path = PokedexTests;
			sourceTree = "<group>";
		};
		C95ED25920C44ED3006E2CCD /* PokedexUITests */ = {
			isa = PBXGroup;
			children = (
				C95ED25A20C44ED3006E2CCD /* PokedexUITests.swift */,
				C95ED25C20C44ED3006E2CCD /* Info.plist */,
			);
			path = PokedexUITests;
			sourceTree = "<group>";
		};
/* End PBXGroup section */

/* Begin PBXNativeTarget section */
		C95ED23620C44ED0006E2CCD /* Pokedex */ = {
			isa = PBXNativeTarget;
			buildConfigurationList = C95ED25F20C44ED3006E2CCD /* Build configuration list for PBXNativeTarget "Pokedex" */;
			buildPhases = (
				C95ED23320C44ED0006E2CCD /* Sources */,
				C95ED23420C44ED0006E2CCD /* Frameworks */,
				C95ED23520C44ED0006E2CCD /* Resources */,
			);
			buildRules = (
			);
			dependencies = (
			);
			name = Pokedex;
			productName = Pokedex;
			productReference = C95ED23720C44ED0006E2CCD /* Pokedex.app */;
			productType = "com.apple.product-type.application";
		};
		C95ED24A20C44ED3006E2CCD /* PokedexTests */ = {
			isa = PBXNativeTarget;
			buildConfigurationList = C95ED26220C44ED3006E2CCD /* Build configuration list for PBXNativeTarget "PokedexTests" */;
			buildPhases = (
				C95ED24720C44ED3006E2CCD /* Sources */,
				C95ED24820C44ED3006E2CCD /* Frameworks */,
				C95ED24920C44ED3006E2CCD /* Resources */,
			);
			buildRules = (
			);
			dependencies = (
				C95ED24D20C44ED3006E2CCD /* PBXTargetDependency */,
			);
			name = PokedexTests;
			productName = PokedexTests;
			productReference = C95ED24B20C44ED3006E2CCD /* PokedexTests.xctest */;
			productType = "com.apple.product-type.bundle.unit-test";
		};
		C95ED25520C44ED3006E2CCD /* PokedexUITests */ = {
			isa = PBXNativeTarget;
			buildConfigurationList = C95ED26520C44ED3006E2CCD /* Build configuration list for PBXNativeTarget "PokedexUITests" */;
			buildPhases = (
				C95ED25220C44ED3006E2CCD /* Sources */,
				C95ED25320C44ED3006E2CCD /* Frameworks */,
				C95ED25420C44ED3006E2CCD /* Resources */,
			);
			buildRules = (
			);
			dependencies = (
				C95ED25820C44ED3006E2CCD /* PBXTargetDependency */,
			);
			name = PokedexUITests;
			productName = PokedexUITests;
			productReference = C95ED25620C44ED3006E2CCD /* PokedexUITests.xctest */;
			productType = "com.apple.product-type.bundle.ui-testing";
		};
/* End PBXNativeTarget section */

/* Begin PBXProject section */
		C95ED22F20C44ED0006E2CCD /* Project object */ = {
			isa = PBXProject;
			attributes = {
				LastSwiftUpdateCheck = 0930;
				LastUpgradeCheck = 0930;
				ORGANIZATIONNAME = "Vishal N";
				TargetAttributes = {
					C95ED23620C44ED0006E2CCD = {
						CreatedOnToolsVersion = 9.3.1;
					};
					C95ED24A20C44ED3006E2CCD = {
						CreatedOnToolsVersion = 9.3.1;
						TestTargetID = C95ED23620C44ED0006E2CCD;
					};
					C95ED25520C44ED3006E2CCD = {
						CreatedOnToolsVersion = 9.3.1;
						TestTargetID = C95ED23620C44ED0006E2CCD;
					};
				};
			};
			buildConfigurationList = C95ED23220C44ED0006E2CCD /* Build configuration list for PBXProject "Pokedex" */;
			compatibilityVersion = "Xcode 9.3";
			developmentRegion = en;
			hasScannedForEncodings = 0;
			knownRegions = (
				en,
				Base,
			);
			mainGroup = C95ED22E20C44ED0006E2CCD;
			productRefGroup = C95ED23820C44ED0006E2CCD /* Products */;
			projectDirPath = "";
			projectRoot = "";
			targets = (
				C95ED23620C44ED0006E2CCD /* Pokedex */,
				C95ED24A20C44ED3006E2CCD /* PokedexTests */,
				C95ED25520C44ED3006E2CCD /* PokedexUITests */,
			);
		};
/* End PBXProject section */

/* Begin PBXResourcesBuildPhase section */
		C95ED23520C44ED0006E2CCD /* Resources */ = {
			isa = PBXResourcesBuildPhase;
			buildActionMask = 2147483647;
			files = (
				C95ED24520C44ED3006E2CCD /* LaunchScreen.storyboard in Resources */,
				C95ED24220C44ED3006E2CCD /* Assets.xcassets in Resources */,
				C95ED24020C44ED0006E2CCD /* Main.storyboard in Resources */,
			);
			runOnlyForDeploymentPostprocessing = 0;
		};
		C95ED24920C44ED3006E2CCD /* Resources */ = {
			isa = PBXResourcesBuildPhase;
			buildActionMask = 2147483647;
			files = (
			);
			runOnlyForDeploymentPostprocessing = 0;
		};
		C95ED25420C44ED3006E2CCD /* Resources */ = {
			isa = PBXResourcesBuildPhase;
			buildActionMask = 2147483647;
			files = (
			);
			runOnlyForDeploymentPostprocessing = 0;
		};
/* End PBXResourcesBuildPhase section */

/* Begin PBXSourcesBuildPhase section */
		C95ED23320C44ED0006E2CCD /* Sources */ = {
			isa = PBXSourcesBuildPhase;
			buildActionMask = 2147483647;
			files = (
				C95ED23D20C44ED0006E2CCD /* ViewController.swift in Sources */,
				C95ED23B20C44ED0006E2CCD /* AppDelegate.swift in Sources */,
			);
			runOnlyForDeploymentPostprocessing = 0;
		};
		C95ED24720C44ED3006E2CCD /* Sources */ = {
			isa = PBXSourcesBuildPhase;
			buildActionMask = 2147483647;
			files = (
				C95ED25020C44ED3006E2CCD /* PokedexTests.swift in Sources */,
			);
			runOnlyForDeploymentPostprocessing = 0;
		};
		C95ED25220C44ED3006E2CCD /* Sources */ = {
			isa = PBXSourcesBuildPhase;
			buildActionMask = 2147483647;
			files = (
				C95ED25B20C44ED3006E2CCD /* PokedexUITests.swift in Sources */,
			);
			runOnlyForDeploymentPostprocessing = 0;
		};
/* End PBXSourcesBuildPhase section */

/* Begin PBXTargetDependency section */
		C95ED24D20C44ED3006E2CCD /* PBXTargetDependency */ = {
			isa = PBXTargetDependency;
			target = C95ED23620C44ED0006E2CCD /* Pokedex */;
			targetProxy = C95ED24C20C44ED3006E2CCD /* PBXContainerItemProxy */;
		};
		C95ED25820C44ED3006E2CCD /* PBXTargetDependency */ = {
			isa = PBXTargetDependency;
			target = C95ED23620C44ED0006E2CCD /* Pokedex */;
			targetProxy = C95ED25720C44ED3006E2CCD /* PBXContainerItemProxy */;
		};
/* End PBXTargetDependency section */

/* Begin PBXVariantGroup section */
		C95ED23E20C44ED0006E2CCD /* Main.storyboard */ = {
			isa = PBXVariantGroup;
			children = (
				C95ED23F20C44ED0006E2CCD /* Base */,
			);
			name = Main.storyboard;
			sourceTree = "<group>";
		};
		C95ED24320C44ED3006E2CCD /* LaunchScreen.storyboard */ = {
			isa = PBXVariantGroup;
			children = (
				C95ED24420C44ED3006E2CCD /* Base */,
			);
			name = LaunchScreen.storyboard;
			sourceTree = "<group>";
		};
/* End PBXVariantGroup section */

/* Begin XCBuildConfiguration section */
		C95ED25D20C44ED3006E2CCD /* Debug */ = {
			isa = XCBuildConfiguration;
			buildSettings = {
				ALWAYS_SEARCH_USER_PATHS = NO;
				CLANG_ANALYZER_NONNULL = YES;
				CLANG_ANALYZER_NUMBER_OBJECT_CONVERSION = YES_AGGRESSIVE;
				CLANG_CXX_LANGUAGE_STANDARD = "gnu++14";
				CLANG_CXX_LIBRARY = "libc++";
				CLANG_ENABLE_MODULES = YES;
				CLANG_ENABLE_OBJC_ARC = YES;
				CLANG_ENABLE_OBJC_WEAK = YES;
				CLANG_WARN_BLOCK_CAPTURE_AUTORELEASING = YES;
				CLANG_WARN_BOOL_CONVERSION = YES;
				CLANG_WARN_COMMA = YES;
				CLANG_WARN_CONSTANT_CONVERSION = YES;
				CLANG_WARN_DEPRECATED_OBJC_IMPLEMENTATIONS = YES;
				CLANG_WARN_DIRECT_OBJC_ISA_USAGE = YES_ERROR;
				CLANG_WARN_DOCUMENTATION_COMMENTS = YES;
				CLANG_WARN_EMPTY_BODY = YES;
				CLANG_WARN_ENUM_CONVERSION = YES;
				CLANG_WARN_INFINITE_RECURSION = YES;
				CLANG_WARN_INT_CONVERSION = YES;
				CLANG_WARN_NON_LITERAL_NULL_CONVERSION = YES;
				CLANG_WARN_OBJC_IMPLICIT_RETAIN_SELF = YES;
				CLANG_WARN_OBJC_LITERAL_CONVERSION = YES;
				CLANG_WARN_OBJC_ROOT_CLASS = YES_ERROR;
				CLANG_WARN_RANGE_LOOP_ANALYSIS = YES;
				CLANG_WARN_STRICT_PROTOTYPES = YES;
				CLANG_WARN_SUSPICIOUS_MOVE = YES;
				CLANG_WARN_UNGUARDED_AVAILABILITY = YES_AGGRESSIVE;
				CLANG_WARN_UNREACHABLE_CODE = YES;
				CLANG_WARN__DUPLICATE_METHOD_MATCH = YES;
				CODE_SIGN_IDENTITY = "iPhone Developer";
				COPY_PHASE_STRIP = NO;
				DEBUG_INFORMATION_FORMAT = dwarf;
				ENABLE_STRICT_OBJC_MSGSEND = YES;
				ENABLE_TESTABILITY = YES;
				GCC_C_LANGUAGE_STANDARD = gnu11;
				GCC_DYNAMIC_NO_PIC = NO;
				GCC_NO_COMMON_BLOCKS = YES;
				GCC_OPTIMIZATION_LEVEL = 0;
				GCC_PREPROCESSOR_DEFINITIONS = (
					"DEBUG=1",
					"$(inherited)",
				);
				GCC_WARN_64_TO_32_BIT_CONVERSION = YES;
				GCC_WARN_ABOUT_RETURN_TYPE = YES_ERROR;
				GCC_WARN_UNDECLARED_SELECTOR = YES;
				GCC_WARN_UNINITIALIZED_AUTOS = YES_AGGRESSIVE;
				GCC_WARN_UNUSED_FUNCTION = YES;
				GCC_WARN_UNUSED_VARIABLE = YES;
				IPHONEOS_DEPLOYMENT_TARGET = 11.3;
				MTL_ENABLE_DEBUG_INFO = YES;
				ONLY_ACTIVE_ARCH = YES;
				SDKROOT = iphoneos;
				SWIFT_ACTIVE_COMPILATION_CONDITIONS = DEBUG;
				SWIFT_OPTIMIZATION_LEVEL = "-Onone";
			};
			name = Debug;
		};
		C95ED25E20C44ED3006E2CCD /* Release */ = {
			isa = XCBuildConfiguration;
			buildSettings = {
				ALWAYS_SEARCH_USER_PATHS = NO;
				CLANG_ANALYZER_NONNULL = YES;
				CLANG_ANALYZER_NUMBER_OBJECT_CONVERSION = YES_AGGRESSIVE;
				CLANG_CXX_LANGUAGE_STANDARD = "gnu++14";
				CLANG_CXX_LIBRARY = "libc++";
				CLANG_ENABLE_MODULES = YES;
				CLANG_ENABLE_OBJC_ARC = YES;
				CLANG_ENABLE_OBJC_WEAK = YES;
				CLANG_WARN_BLOCK_CAPTURE_AUTORELEASING = YES;
				CLANG_WARN_BOOL_CONVERSION = YES;
				CLANG_WARN_COMMA = YES;
				CLANG_WARN_CONSTANT_CONVERSION = YES;
				CLANG_WARN_DEPRECATED_OBJC_IMPLEMENTATIONS = YES;
				CLANG_WARN_DIRECT_OBJC_ISA_USAGE = YES_ERROR;
				CLANG_WARN_DOCUMENTATION_COMMENTS = YES;
				CLANG_WARN_EMPTY_BODY = YES;
				CLANG_WARN_ENUM_CONVERSION = YES;
				CLANG_WARN_INFINITE_RECURSION = YES;
				CLANG_WARN_INT_CONVERSION = YES;
				CLANG_WARN_NON_LITERAL_NULL_CONVERSION = YES;
				CLANG_WARN_OBJC_IMPLICIT_RETAIN_SELF = YES;
				CLANG_WARN_OBJC_LITERAL_CONVERSION = YES;
				CLANG_WARN_OBJC_ROOT_CLASS = YES_ERROR;
				CLANG_WARN_RANGE_LOOP_ANALYSIS = YES;
				CLANG_WARN_STRICT_PROTOTYPES = YES;
				CLANG_WARN_SUSPICIOUS_MOVE = YES;
				CLANG_WARN_UNGUARDED_AVAILABILITY = YES_AGGRESSIVE;
				CLANG_WARN_UNREACHABLE_CODE = YES;
				CLANG_WARN__DUPLICATE_METHOD_MATCH = YES;
				CODE_SIGN_IDENTITY = "iPhone Developer";
				COPY_PHASE_STRIP = NO;
				DEBUG_INFORMATION_FORMAT = "dwarf-with-dsym";
				ENABLE_NS_ASSERTIONS = NO;
				ENABLE_STRICT_OBJC_MSGSEND = YES;
				GCC_C_LANGUAGE_STANDARD = gnu11;
				GCC_NO_COMMON_BLOCKS = YES;
				GCC_WARN_64_TO_32_BIT_CONVERSION = YES;
				GCC_WARN_ABOUT_RETURN_TYPE = YES_ERROR;
				GCC_WARN_UNDECLARED_SELECTOR = YES;
				GCC_WARN_UNINITIALIZED_AUTOS = YES_AGGRESSIVE;
				GCC_WARN_UNUSED_FUNCTION = YES;
				GCC_WARN_UNUSED_VARIABLE = YES;
				IPHONEOS_DEPLOYMENT_TARGET = 11.3;
				MTL_ENABLE_DEBUG_INFO = NO;
				SDKROOT = iphoneos;
				SWIFT_COMPILATION_MODE = wholemodule;
				SWIFT_OPTIMIZATION_LEVEL = "-O";
				VALIDATE_PRODUCT = YES;
			};
			name = Release;
		};
		C95ED26020C44ED3006E2CCD /* Debug */ = {
			isa = XCBuildConfiguration;
			buildSettings = {
				ASSETCATALOG_COMPILER_APPICON_NAME = AppIcon;
				CODE_SIGN_STYLE = Automatic;
				INFOPLIST_FILE = Pokedex/Info.plist;
				LD_RUNPATH_SEARCH_PATHS = (
					"$(inherited)",
					"@executable_path/Frameworks",
				);
				PRODUCT_BUNDLE_IDENTIFIER = com.example.Pokedex;
				PRODUCT_NAME = "$(TARGET_NAME)";
				SWIFT_VERSION = 4.0;
				TARGETED_DEVICE_FAMILY = "1,2";
			};
			name = Debug;
		};
		C95ED26120C44ED3006E2CCD /* Release */ = {
			isa = XCBuildConfiguration;
			buildSettings = {
				ASSETCATALOG_COMPILER_APPICON_NAME = AppIcon;
				CODE_SIGN_STYLE = Automatic;
				INFOPLIST_FILE = Pokedex/Info.plist;
				LD_RUNPATH_SEARCH_PATHS = (
					"$(inherited)",
					"@executable_path/Frameworks",
				);
				PRODUCT_BUNDLE_IDENTIFIER = com.example.Pokedex;
				PRODUCT_NAME = "$(TARGET_NAME)";
				SWIFT_VERSION = 4.0;
				TARGETED_DEVICE_FAMILY = "1,2";
			};
			name = Release;
		};
		C95ED26320C44ED3006E2CCD /* Debug */ = {
			isa = XCBuildConfiguration;
			buildSettings = {
				ALWAYS_EMBED_SWIFT_STANDARD_LIBRARIES = YES;
				BUNDLE_LOADER = "$(TEST_HOST)";
				CODE_SIGN_STYLE = Automatic;
				INFOPLIST_FILE = PokedexTests/Info.plist;
				LD_RUNPATH_SEARCH_PATHS = (
					"$(inherited)",
					"@executable_path/Frameworks",
					"@loader_path/Frameworks",
				);
				PRODUCT_BUNDLE_IDENTIFIER = com.example.PokedexTests;
				PRODUCT_NAME = "$(TARGET_NAME)";
				SWIFT_VERSION = 4.0;
				TARGETED_DEVICE_FAMILY = "1,2";
				TEST_HOST = "$(BUILT_PRODUCTS_DIR)/Pokedex.app/Pokedex";
			};
			name = Debug;
		};
		C95ED26420C44ED3006E2CCD /* Release */ = {
			isa = XCBuildConfiguration;
			buildSettings = {
				ALWAYS_EMBED_SWIFT_STANDARD_LIBRARIES = YES;
				BUNDLE_LOADER = "$(TEST_HOST)";
				CODE_SIGN_STYLE = Automatic;
				INFOPLIST_FILE = PokedexTests/Info.plist;
				LD_RUNPATH_SEARCH_PATHS = (
					"$(inherited)",
					"@executable_path/Frameworks",
					"@loader_path/Frameworks",
				);
				PRODUCT_BUNDLE_IDENTIFIER = com.example.PokedexTests;
				PRODUCT_NAME = "$(TARGET_NAME)";
				SWIFT_VERSION = 4.0;
				TARGETED_DEVICE_FAMILY = "1,2";
				TEST_HOST = "$(BUILT_PRODUCTS_DIR)/Pokedex.app/Pokedex";
			};
			name = Release;
		};
		C95ED26620C44ED3006E2CCD /* Debug */ = {
			isa = XCBuildConfiguration;
			buildSettings = {
				ALWAYS_EMBED_SWIFT_STANDARD_LIBRARIES = YES;
				CODE_SIGN_STYLE = Automatic;
				INFOPLIST_FILE = PokedexUITests/Info.plist;
				LD_RUNPATH_SEARCH_PATHS = (
					"$(inherited)",
					"@executable_path/Frameworks",
					"@loader_path/Frameworks",
				);
				PRODUCT_BUNDLE_IDENTIFIER = com.example.PokedexUITests;
				PRODUCT_NAME = "$(TARGET_NAME)";
				SWIFT_VERSION = 4.0;
				TARGETED_DEVICE_FAMILY = "1,2";
				TEST_TARGET_NAME = Pokedex;
			};
			name = Debug;
		};
		C95ED26720C44ED3006E2CCD /* Release */ = {
			isa = XCBuildConfiguration;
			buildSettings = {
				ALWAYS_EMBED_SWIFT_STANDARD_LIBRARIES = YES;
				CODE_SIGN_STYLE = Automatic;
				INFOPLIST_FILE = PokedexUITests/Info.plist;
				LD_RUNPATH_SEARCH_PATHS = (
					"$(inherited)",
					"@executable_path/Frameworks",
					"@loader_path/Frameworks",
				);
				PRODUCT_BUNDLE_IDENTIFIER = com.example.PokedexUITests;
				PRODUCT_NAME = "$(TARGET_NAME)";
				SWIFT_VERSION = 4.0;
				TARGETED_DEVICE_FAMILY = "1,2";
				TEST_TARGET_NAME = Pokedex;
			};
			name = Release;
		};
/* End XCBuildConfiguration section */

/* Begin XCConfigurationList section */
		C95ED23220C44ED0006E2CCD /* Build configuration list for PBXProject "Pokedex" */ = {
			isa = XCConfigurationList;
			buildConfigurations = (
				C95ED25D20C44ED3006E2CCD /* Debug */,
				C95ED25E20C44ED3006E2CCD /* Release */,
			);
			defaultConfigurationIsVisible = 0;
			defaultConfigurationName = Release;
		};
		C95ED25F20C44ED3006E2CCD /* Build configuration list for PBXNativeTarget "Pokedex" */ = {
			isa = XCConfigurationList;
			buildConfigurations = (
				C95ED26020C44ED3006E2CCD /* Debug */,
				C95ED26120C44ED3006E2CCD /* Release */,
			);
			defaultConfigurationIsVisible = 0;
			defaultConfigurationName = Release;
		};
		C95ED26220C44ED3006E2CCD /* Build configuration list for PBXNativeTarget "PokedexTests" */ = {
			isa = XCConfigurationList;
			buildConfigurations = (
				C95ED26320C44ED3006E2CCD /* Debug */,
				C95ED26420C44ED3006E2CCD /* Release */,
			);
			defaultConfigurationIsVisible = 0;
			defaultConfigurationName = Release;
		};
		C95ED26520C44ED3006E2CCD /* Build configuration list for PBXNativeTarget "PokedexUITests" */ = {
			isa = XCConfigurationList;
			buildConfigurations = (
				C95ED26620C44ED3006E2CCD /* Debug */,
				C95ED26720C44ED3006E2CCD /* Release */,
			);
			defaultConfigurationIsVisible = 0;
			defaultConfigurationName = Release;
		};
/* End XCConfigurationList section */
	};
	rootObject = C95ED22F20C44ED0006E2CCD /* Project object */;
}
